
Microsoft Visual Studio Solution File, Format Version 12.00
# Visual Studio Version 17
VisualStudioVersion = 17.3.32804.467
MinimumVisualStudioVersion = 10.0.40219.1
Project("{FAE04EC0-301F-11D3-BF4B-00C04F79EFBC}") = "Winform_App", "Winform_App\Winform_App.csproj", "{1D6CF547-B801-4F84-9312-D99F5BCAB231}"
EndProject
Project("{FAE04EC0-301F-11D3-BF4B-00C04F79EFBC}") = "dominio", "dominio\dominio.csproj", "{57B01121-CE9D-4BBD-BBBA-021D2743CED8}"
EndProject
Project("{FAE04EC0-301F-11D3-BF4B-00C04F79EFBC}") = "negocio", "negocio\negocio.csproj", "{9E9A7784-48A8-4095-B483-B618E779975C}"
EndProject
Global
	GlobalSection(SolutionConfigurationPlatforms) = preSolution
		Debug|Any CPU = Debug|Any CPU
		Release|Any CPU = Release|Any CPU
	EndGlobalSection
	GlobalSection(ProjectConfigurationPlatforms) = postSolution
		{1D6CF547-B801-4F84-9312-D99F5BCAB231}.Debug|Any CPU.ActiveCfg = Debug|Any CPU
		{1D6CF547-B801-4F84-9312-D99F5BCAB231}.Debug|Any CPU.Build.0 = Debug|Any CPU
		{1D6CF547-B801-4F84-9312-D99F5BCAB231}.Release|Any CPU.ActiveCfg = Release|Any CPU
		{1D6CF547-B801-4F84-9312-D99F5BCAB231}.Release|Any CPU.Build.0 = Release|Any CPU
		{57B01121-CE9D-4BBD-BBBA-021D2743CED8}.Debug|Any CPU.ActiveCfg = Debug|Any CPU
		{57B01121-CE9D-4BBD-BBBA-021D2743CED8}.Debug|Any CPU.Build.0 = Debug|Any CPU
		{57B01121-CE9D-4BBD-BBBA-021D2743CED8}.Release|Any CPU.ActiveCfg = Release|Any CPU
		{57B01121-CE9D-4BBD-BBBA-021D2743CED8}.Release|Any CPU.Build.0 = Release|Any CPU
		{9E9A7784-48A8-4095-B483-B618E779975C}.Debug|Any CPU.ActiveCfg = Debug|Any CPU
		{9E9A7784-48A8-4095-B483-B618E779975C}.Debug|Any CPU.Build.0 = Debug|Any CPU
		{9E9A7784-48A8-4095-B483-B618E779975C}.Release|Any CPU.ActiveCfg = Release|Any CPU
		{9E9A7784-48A8-4095-B483-B618E779975C}.Release|Any CPU.Build.0 = Release|Any CPU
	EndGlobalSection
	GlobalSection(SolutionProperties) = preSolution
		HideSolutionNode = FALSE
	EndGlobalSection
	GlobalSection(ExtensibilityGlobals) = postSolution
		SolutionGuid = {F4DB2BF2-E496-4653-B154-35F68C0FF3C8}
	EndGlobalSection
EndGlobal
